
Microsoft Visual Studio Solution File, Format Version 12.00
# Visual Studio Version 17
VisualStudioVersion = 17.7.34024.191
MinimumVisualStudioVersion = 10.0.40219.1
Project("{9A19103F-16F7-4668-BE54-9A1E7A4F7556}") = "FormsAPI", "FormsAPI.csproj", "{B3BD262F-D60C-432C-8923-3E3E74503D40}"
EndProject
Global
	GlobalSection(SolutionConfigurationPlatforms) = preSolution
		Debug|Any CPU = Debug|Any CPU
		Release|Any CPU = Release|Any CPU
	EndGlobalSection
	GlobalSection(ProjectConfigurationPlatforms) = postSolution
		{B3BD262F-D60C-432C-8923-3E3E74503D40}.Debug|Any CPU.ActiveCfg = Debug|Any CPU
		{B3BD262F-D60C-432C-8923-3E3E74503D40}.Debug|Any CPU.Build.0 = Debug|Any CPU
		{B3BD262F-D60C-432C-8923-3E3E74503D40}.Release|Any CPU.ActiveCfg = Release|Any CPU
		{B3BD262F-D60C-432C-8923-3E3E74503D40}.Release|Any CPU.Build.0 = Release|Any CPU
	EndGlobalSection
	GlobalSection(SolutionProperties) = preSolution
		HideSolutionNode = FALSE
	EndGlobalSection
	GlobalSection(ExtensibilityGlobals) = postSolution
		SolutionGuid = {5E2C9CA3-DA26-4B60-B7C1-7E59739774F4}
	EndGlobalSection
EndGlobal
